
Microsoft Visual Studio Solution File, Format Version 12.00
# Visual Studio Version 17
VisualStudioVersion = 17.8.34309.116
MinimumVisualStudioVersion = 10.0.40219.1
Project("{FAE04EC0-301F-11D3-BF4B-00C04F79EFBC}") = "Fuel", "Fuel.csproj", "{8496D750-DEF1-420A-999F-4A0C14BCE1DB}"
EndProject
Global
	GlobalSection(SolutionConfigurationPlatforms) = preSolution
		Debug|Any CPU = Debug|Any CPU
		Release|Any CPU = Release|Any CPU
	EndGlobalSection
	GlobalSection(ProjectConfigurationPlatforms) = postSolution
		{8496D750-DEF1-420A-999F-4A0C14BCE1DB}.Debug|Any CPU.ActiveCfg = Debug|Any CPU
		{8496D750-DEF1-420A-999F-4A0C14BCE1DB}.Debug|Any CPU.Build.0 = Debug|Any CPU
		{8496D750-DEF1-420A-999F-4A0C14BCE1DB}.Release|Any CPU.ActiveCfg = Release|Any CPU
		{8496D750-DEF1-420A-999F-4A0C14BCE1DB}.Release|Any CPU.Build.0 = Release|Any CPU
	EndGlobalSection
	GlobalSection(SolutionProperties) = preSolution
		HideSolutionNode = FALSE
	EndGlobalSection
	GlobalSection(ExtensibilityGlobals) = postSolution
		SolutionGuid = {6951E57A-B866-4660-A994-CF41D2850926}
	EndGlobalSection
EndGlobal
